// !$*UTF8*$!
{
	archiveVersion = 1;
	classes = {
	};
	objectVersion = 55;
	objects = {

/* Begin PBXBuildFile section */
		DE3D2EE828115BF9009F5EE4 /* AppDelegate.swift in Sources */ = {isa = PBXBuildFile; fileRef = DE3D2EE728115BF9009F5EE4 /* AppDelegate.swift */; };
		DE3D2EEA28115BF9009F5EE4 /* SceneDelegate.swift in Sources */ = {isa = PBXBuildFile; fileRef = DE3D2EE928115BF9009F5EE4 /* SceneDelegate.swift */; };
		DE3D2EEC28115BF9009F5EE4 /* ViewController.swift in Sources */ = {isa = PBXBuildFile; fileRef = DE3D2EEB28115BF9009F5EE4 /* ViewController.swift */; };
		DE3D2EEF28115BF9009F5EE4 /* Main.storyboard in Resources */ = {isa = PBXBuildFile; fileRef = DE3D2EED28115BF9009F5EE4 /* Main.storyboard */; };
		DE3D2EF128115BFC009F5EE4 /* Assets.xcassets in Resources */ = {isa = PBXBuildFile; fileRef = DE3D2EF028115BFC009F5EE4 /* Assets.xcassets */; };
		DE3D2EF428115BFC009F5EE4 /* LaunchScreen.storyboard in Resources */ = {isa = PBXBuildFile; fileRef = DE3D2EF228115BFC009F5EE4 /* LaunchScreen.storyboard */; };
		DE3D2EFF28115BFC009F5EE4 /* Grade_Keeper_App_Template_DESIGNTests.swift in Sources */ = {isa = PBXBuildFile; fileRef = DE3D2EFE28115BFC009F5EE4 /* Grade_Keeper_App_Template_DESIGNTests.swift */; };
		DE3D2F0928115BFC009F5EE4 /* Grade_Keeper_App_Template_DESIGNUITests.swift in Sources */ = {isa = PBXBuildFile; fileRef = DE3D2F0828115BFC009F5EE4 /* Grade_Keeper_App_Template_DESIGNUITests.swift */; };
		DE3D2F0B28115BFC009F5EE4 /* Grade_Keeper_App_Template_DESIGNUITestsLaunchTests.swift in Sources */ = {isa = PBXBuildFile; fileRef = DE3D2F0A28115BFC009F5EE4 /* Grade_Keeper_App_Template_DESIGNUITestsLaunchTests.swift */; };
		DE3D2F1828115C97009F5EE4 /* NotHucreTableViewCell.swift in Sources */ = {isa = PBXBuildFile; fileRef = DE3D2F1728115C97009F5EE4 /* NotHucreTableViewCell.swift */; };
		DE3D2F1A28115DD3009F5EE4 /* NotEkleViewController.swift in Sources */ = {isa = PBXBuildFile; fileRef = DE3D2F1928115DD2009F5EE4 /* NotEkleViewController.swift */; };
		DE3D2F1C28115DEC009F5EE4 /* NotDetayViewController.swift in Sources */ = {isa = PBXBuildFile; fileRef = DE3D2F1B28115DEC009F5EE4 /* NotDetayViewController.swift */; };
		DE3D2F1E2811604D009F5EE4 /* Notlar.swift in Sources */ = {isa = PBXBuildFile; fileRef = DE3D2F1D2811604D009F5EE4 /* Notlar.swift */; };
/* End PBXBuildFile section */

/* Begin PBXContainerItemProxy section */
		DE3D2EFB28115BFC009F5EE4 /* PBXContainerItemProxy */ = {
			isa = PBXContainerItemProxy;
			containerPortal = DE3D2EDC28115BF9009F5EE4 /* Project object */;
			proxyType = 1;
			remoteGlobalIDString = DE3D2EE328115BF9009F5EE4;
			remoteInfo = "Grade Keeper App Template-DESIGN";
		};
		DE3D2F0528115BFC009F5EE4 /* PBXContainerItemProxy */ = {
			isa = PBXContainerItemProxy;
			containerPortal = DE3D2EDC28115BF9009F5EE4 /* Project object */;
			proxyType = 1;
			remoteGlobalIDString = DE3D2EE328115BF9009F5EE4;
			remoteInfo = "Grade Keeper App Template-DESIGN";
		};
/* End PBXContainerItemProxy section */

/* Begin PBXFileReference section */
		DE3D2EE428115BF9009F5EE4 /* Grade Keeper App Template-DESIGN.app */ = {isa = PBXFileReference; explicitFileType = wrapper.application; includeInIndex = 0; path = "Grade Keeper App Template-DESIGN.app"; sourceTree = BUILT_PRODUCTS_DIR; };
		DE3D2EE728115BF9009F5EE4 /* AppDelegate.swift */ = {isa = PBXFileReference; lastKnownFileType = sourcecode.swift; path = AppDelegate.swift; sourceTree = "<group>"; };
		DE3D2EE928115BF9009F5EE4 /* SceneDelegate.swift */ = {isa = PBXFileReference; lastKnownFileType = sourcecode.swift; path = SceneDelegate.swift; sourceTree = "<group>"; };
		DE3D2EEB28115BF9009F5EE4 /* ViewController.swift */ = {isa = PBXFileReference; lastKnownFileType = sourcecode.swift; path = ViewController.swift; sourceTree = "<group>"; };
		DE3D2EEE28115BF9009F5EE4 /* Base */ = {isa = PBXFileReference; lastKnownFileType = file.storyboard; name = Base; path = Base.lproj/Main.storyboard; sourceTree = "<group>"; };
		DE3D2EF028115BFC009F5EE4 /* Assets.xcassets */ = {isa = PBXFileReference; lastKnownFileType = folder.assetcatalog; path = Assets.xcassets; sourceTree = "<group>"; };
		DE3D2EF328115BFC009F5EE4 /* Base */ = {isa = PBXFileReference; lastKnownFileType = file.storyboard; name = Base; path = Base.lproj/LaunchScreen.storyboard; sourceTree = "<group>"; };
		DE3D2EF528115BFC009F5EE4 /* Info.plist */ = {isa = PBXFileReference; lastKnownFileType = text.plist.xml; path = Info.plist; sourceTree = "<group>"; };
		DE3D2EFA28115BFC009F5EE4 /* Grade Keeper App Template-DESIGNTests.xctest */ = {isa = PBXFileReference; explicitFileType = wrapper.cfbundle; includeInIndex = 0; path = "Grade Keeper App Template-DESIGNTests.xctest"; sourceTree = BUILT_PRODUCTS_DIR; };
		DE3D2EFE28115BFC009F5EE4 /* Grade_Keeper_App_Template_DESIGNTests.swift */ = {isa = PBXFileReference; lastKnownFileType = sourcecode.swift; path = Grade_Keeper_App_Template_DESIGNTests.swift; sourceTree = "<group>"; };
		DE3D2F0428115BFC009F5EE4 /* Grade Keeper App Template-DESIGNUITests.xctest */ = {isa = PBXFileReference; explicitFileType = wrapper.cfbundle; includeInIndex = 0; path = "Grade Keeper App Template-DESIGNUITests.xctest"; sourceTree = BUILT_PRODUCTS_DIR; };
		DE3D2F0828115BFC009F5EE4 /* Grade_Keeper_App_Template_DESIGNUITests.swift */ = {isa = PBXFileReference; lastKnownFileType = sourcecode.swift; path = Grade_Keeper_App_Template_DESIGNUITests.swift; sourceTree = "<group>"; };
		DE3D2F0A28115BFC009F5EE4 /* Grade_Keeper_App_Template_DESIGNUITestsLaunchTests.swift */ = {isa = PBXFileReference; lastKnownFileType = sourcecode.swift; path = Grade_Keeper_App_Template_DESIGNUITestsLaunchTests.swift; sourceTree = "<group>"; };
		DE3D2F1728115C97009F5EE4 /* NotHucreTableViewCell.swift */ = {isa = PBXFileReference; lastKnownFileType = sourcecode.swift; path = NotHucreTableViewCell.swift; sourceTree = "<group>"; };
		DE3D2F1928115DD2009F5EE4 /* NotEkleViewController.swift */ = {isa = PBXFileReference; lastKnownFileType = sourcecode.swift; path = NotEkleViewController.swift; sourceTree = "<group>"; };
		DE3D2F1B28115DEC009F5EE4 /* NotDetayViewController.swift */ = {isa = PBXFileReference; lastKnownFileType = sourcecode.swift; path = NotDetayViewController.swift; sourceTree = "<group>"; };
		DE3D2F1D2811604D009F5EE4 /* Notlar.swift */ = {isa = PBXFileReference; lastKnownFileType = sourcecode.swift; path = Notlar.swift; sourceTree = "<group>"; };
/* End PBXFileReference section */

/* Begin PBXFrameworksBuildPhase section */
		DE3D2EE128115BF9009F5EE4 /* Frameworks */ = {
			isa = PBXFrameworksBuildPhase;
			buildActionMask = 2147483647;
			files = (
			);
			runOnlyForDeploymentPostprocessing = 0;
		};
		DE3D2EF728115BFC009F5EE4 /* Frameworks */ = {
			isa = PBXFrameworksBuildPhase;
			buildActionMask = 2147483647;
			files = (
			);
			runOnlyForDeploymentPostprocessing = 0;
		};
		DE3D2F0128115BFC009F5EE4 /* Frameworks */ = {
			isa = PBXFrameworksBuildPhase;
			buildActionMask = 2147483647;
			files = (
			);
			runOnlyForDeploymentPostprocessing = 0;
		};
/* End PBXFrameworksBuildPhase section */

/* Begin PBXGroup section */
		DE3D2EDB28115BF9009F5EE4 = {
			isa = PBXGroup;
			children = (
				DE3D2EE628115BF9009F5EE4 /* Grade Keeper App Template-DESIGN */,
				DE3D2EFD28115BFC009F5EE4 /* Grade Keeper App Template-DESIGNTests */,
				DE3D2F0728115BFC009F5EE4 /* Grade Keeper App Template-DESIGNUITests */,
				DE3D2EE528115BF9009F5EE4 /* Products */,
			);
			sourceTree = "<group>";
		};
		DE3D2EE528115BF9009F5EE4 /* Products */ = {
			isa = PBXGroup;
			children = (
				DE3D2EE428115BF9009F5EE4 /* Grade Keeper App Template-DESIGN.app */,
				DE3D2EFA28115BFC009F5EE4 /* Grade Keeper App Template-DESIGNTests.xctest */,
				DE3D2F0428115BFC009F5EE4 /* Grade Keeper App Template-DESIGNUITests.xctest */,
			);
			name = Products;
			sourceTree = "<group>";
		};
		DE3D2EE628115BF9009F5EE4 /* Grade Keeper App Template-DESIGN */ = {
			isa = PBXGroup;
			children = (
				DE3D2EE728115BF9009F5EE4 /* AppDelegate.swift */,
				DE3D2EE928115BF9009F5EE4 /* SceneDelegate.swift */,
				DE3D2EEB28115BF9009F5EE4 /* ViewController.swift */,
				DE3D2F1928115DD2009F5EE4 /* NotEkleViewController.swift */,
				DE3D2F1B28115DEC009F5EE4 /* NotDetayViewController.swift */,
				DE3D2F1728115C97009F5EE4 /* NotHucreTableViewCell.swift */,
				DE3D2EED28115BF9009F5EE4 /* Main.storyboard */,
				DE3D2EF028115BFC009F5EE4 /* Assets.xcassets */,
				DE3D2EF228115BFC009F5EE4 /* LaunchScreen.storyboard */,
				DE3D2EF528115BFC009F5EE4 /* Info.plist */,
				DE3D2F1D2811604D009F5EE4 /* Notlar.swift */,
			);
			path = "Grade Keeper App Template-DESIGN";
			sourceTree = "<group>";
		};
		DE3D2EFD28115BFC009F5EE4 /* Grade Keeper App Template-DESIGNTests */ = {
			isa = PBXGroup;
			children = (
				DE3D2EFE28115BFC009F5EE4 /* Grade_Keeper_App_Template_DESIGNTests.swift */,
			);
			path = "Grade Keeper App Template-DESIGNTests";
			sourceTree = "<group>";
		};
		DE3D2F0728115BFC009F5EE4 /* Grade Keeper App Template-DESIGNUITests */ = {
			isa = PBXGroup;
			children = (
				DE3D2F0828115BFC009F5EE4 /* Grade_Keeper_App_Template_DESIGNUITests.swift */,
				DE3D2F0A28115BFC009F5EE4 /* Grade_Keeper_App_Template_DESIGNUITestsLaunchTests.swift */,
			);
			path = "Grade Keeper App Template-DESIGNUITests";
			sourceTree = "<group>";
		};
/* End PBXGroup section */

/* Begin PBXNativeTarget section */
		DE3D2EE328115BF9009F5EE4 /* Grade Keeper App Template-DESIGN */ = {
			isa = PBXNativeTarget;
			buildConfigurationList = DE3D2F0E28115BFC009F5EE4 /* Build configuration list for PBXNativeTarget "Grade Keeper App Template-DESIGN" */;
			buildPhases = (
				DE3D2EE028115BF9009F5EE4 /* Sources */,
				DE3D2EE128115BF9009F5EE4 /* Frameworks */,
				DE3D2EE228115BF9009F5EE4 /* Resources */,
			);
			buildRules = (
			);
			dependencies = (
			);
			name = "Grade Keeper App Template-DESIGN";
			productName = "Grade Keeper App Template-DESIGN";
			productReference = DE3D2EE428115BF9009F5EE4 /* Grade Keeper App Template-DESIGN.app */;
			productType = "com.apple.product-type.application";
		};
		DE3D2EF928115BFC009F5EE4 /* Grade Keeper App Template-DESIGNTests */ = {
			isa = PBXNativeTarget;
			buildConfigurationList = DE3D2F1128115BFC009F5EE4 /* Build configuration list for PBXNativeTarget "Grade Keeper App Template-DESIGNTests" */;
			buildPhases = (
				DE3D2EF628115BFC009F5EE4 /* Sources */,
				DE3D2EF728115BFC009F5EE4 /* Frameworks */,
				DE3D2EF828115BFC009F5EE4 /* Resources */,
			);
			buildRules = (
			);
			dependencies = (
				DE3D2EFC28115BFC009F5EE4 /* PBXTargetDependency */,
			);
			name = "Grade Keeper App Template-DESIGNTests";
			productName = "Grade Keeper App Template-DESIGNTests";
			productReference = DE3D2EFA28115BFC009F5EE4 /* Grade Keeper App Template-DESIGNTests.xctest */;
			productType = "com.apple.product-type.bundle.unit-test";
		};
		DE3D2F0328115BFC009F5EE4 /* Grade Keeper App Template-DESIGNUITests */ = {
			isa = PBXNativeTarget;
			buildConfigurationList = DE3D2F1428115BFC009F5EE4 /* Build configuration list for PBXNativeTarget "Grade Keeper App Template-DESIGNUITests" */;
			buildPhases = (
				DE3D2F0028115BFC009F5EE4 /* Sources */,
				DE3D2F0128115BFC009F5EE4 /* Frameworks */,
				DE3D2F0228115BFC009F5EE4 /* Resources */,
			);
			buildRules = (
			);
			dependencies = (
				DE3D2F0628115BFC009F5EE4 /* PBXTargetDependency */,
			);
			name = "Grade Keeper App Template-DESIGNUITests";
			productName = "Grade Keeper App Template-DESIGNUITests";
			productReference = DE3D2F0428115BFC009F5EE4 /* Grade Keeper App Template-DESIGNUITests.xctest */;
			productType = "com.apple.product-type.bundle.ui-testing";
		};
/* End PBXNativeTarget section */

/* Begin PBXProject section */
		DE3D2EDC28115BF9009F5EE4 /* Project object */ = {
			isa = PBXProject;
			attributes = {
				BuildIndependentTargetsInParallel = 1;
				LastSwiftUpdateCheck = 1320;
				LastUpgradeCheck = 1320;
				TargetAttributes = {
					DE3D2EE328115BF9009F5EE4 = {
						CreatedOnToolsVersion = 13.2.1;
					};
					DE3D2EF928115BFC009F5EE4 = {
						CreatedOnToolsVersion = 13.2.1;
						TestTargetID = DE3D2EE328115BF9009F5EE4;
					};
					DE3D2F0328115BFC009F5EE4 = {
						CreatedOnToolsVersion = 13.2.1;
						TestTargetID = DE3D2EE328115BF9009F5EE4;
					};
				};
			};
			buildConfigurationList = DE3D2EDF28115BF9009F5EE4 /* Build configuration list for PBXProject "Grade Keeper App Template-DESIGN" */;
			compatibilityVersion = "Xcode 13.0";
			developmentRegion = en;
			hasScannedForEncodings = 0;
			knownRegions = (
				en,
				Base,
			);
			mainGroup = DE3D2EDB28115BF9009F5EE4;
			productRefGroup = DE3D2EE528115BF9009F5EE4 /* Products */;
			projectDirPath = "";
			projectRoot = "";
			targets = (
				DE3D2EE328115BF9009F5EE4 /* Grade Keeper App Template-DESIGN */,
				DE3D2EF928115BFC009F5EE4 /* Grade Keeper App Template-DESIGNTests */,
				DE3D2F0328115BFC009F5EE4 /* Grade Keeper App Template-DESIGNUITests */,
			);
		};
/* End PBXProject section */

/* Begin PBXResourcesBuildPhase section */
		DE3D2EE228115BF9009F5EE4 /* Resources */ = {
			isa = PBXResourcesBuildPhase;
			buildActionMask = 2147483647;
			files = (
				DE3D2EF428115BFC009F5EE4 /* LaunchScreen.storyboard in Resources */,
				DE3D2EF128115BFC009F5EE4 /* Assets.xcassets in Resources */,
				DE3D2EEF28115BF9009F5EE4 /* Main.storyboard in Resources */,
			);
			runOnlyForDeploymentPostprocessing = 0;
		};
		DE3D2EF828115BFC009F5EE4 /* Resources */ = {
			isa = PBXResourcesBuildPhase;
			buildActionMask = 2147483647;
			files = (
			);
			runOnlyForDeploymentPostprocessing = 0;
		};
		DE3D2F0228115BFC009F5EE4 /* Resources */ = {
			isa = PBXResourcesBuildPhase;
			buildActionMask = 2147483647;
			files = (
			);
			runOnlyForDeploymentPostprocessing = 0;
		};
/* End PBXResourcesBuildPhase section */

/* Begin PBXSourcesBuildPhase section */
		DE3D2EE028115BF9009F5EE4 /* Sources */ = {
			isa = PBXSourcesBuildPhase;
			buildActionMask = 2147483647;
			files = (
				DE3D2EEC28115BF9009F5EE4 /* ViewController.swift in Sources */,
				DE3D2F1E2811604D009F5EE4 /* Notlar.swift in Sources */,
				DE3D2F1A28115DD3009F5EE4 /* NotEkleViewController.swift in Sources */,
				DE3D2F1828115C97009F5EE4 /* NotHucreTableViewCell.swift in Sources */,
				DE3D2EE828115BF9009F5EE4 /* AppDelegate.swift in Sources */,
				DE3D2F1C28115DEC009F5EE4 /* NotDetayViewController.swift in Sources */,
				DE3D2EEA28115BF9009F5EE4 /* SceneDelegate.swift in Sources */,
			);
			runOnlyForDeploymentPostprocessing = 0;
		};
		DE3D2EF628115BFC009F5EE4 /* Sources */ = {
			isa = PBXSourcesBuildPhase;
			buildActionMask = 2147483647;
			files = (
				DE3D2EFF28115BFC009F5EE4 /* Grade_Keeper_App_Template_DESIGNTests.swift in Sources */,
			);
			runOnlyForDeploymentPostprocessing = 0;
		};
		DE3D2F0028115BFC009F5EE4 /* Sources */ = {
			isa = PBXSourcesBuildPhase;
			buildActionMask = 2147483647;
			files = (
				DE3D2F0B28115BFC009F5EE4 /* Grade_Keeper_App_Template_DESIGNUITestsLaunchTests.swift in Sources */,
				DE3D2F0928115BFC009F5EE4 /* Grade_Keeper_App_Template_DESIGNUITests.swift in Sources */,
			);
			runOnlyForDeploymentPostprocessing = 0;
		};
/* End PBXSourcesBuildPhase section */

/* Begin PBXTargetDependency section */
		DE3D2EFC28115BFC009F5EE4 /* PBXTargetDependency */ = {
			isa = PBXTargetDependency;
			target = DE3D2EE328115BF9009F5EE4 /* Grade Keeper App Template-DESIGN */;
			targetProxy = DE3D2EFB28115BFC009F5EE4 /* PBXContainerItemProxy */;
		};
		DE3D2F0628115BFC009F5EE4 /* PBXTargetDependency */ = {
			isa = PBXTargetDependency;
			target = DE3D2EE328115BF9009F5EE4 /* Grade Keeper App Template-DESIGN */;
			targetProxy = DE3D2F0528115BFC009F5EE4 /* PBXContainerItemProxy */;
		};
/* End PBXTargetDependency section */

/* Begin PBXVariantGroup section */
		DE3D2EED28115BF9009F5EE4 /* Main.storyboard */ = {
			isa = PBXVariantGroup;
			children = (
				DE3D2EEE28115BF9009F5EE4 /* Base */,
			);
			name = Main.storyboard;
			sourceTree = "<group>";
		};
		DE3D2EF228115BFC009F5EE4 /* LaunchScreen.storyboard */ = {
			isa = PBXVariantGroup;
			children = (
				DE3D2EF328115BFC009F5EE4 /* Base */,
			);
			name = LaunchScreen.storyboard;
			sourceTree = "<group>";
		};
/* End PBXVariantGroup section */

/* Begin XCBuildConfiguration section */
		DE3D2F0C28115BFC009F5EE4 /* Debug */ = {
			isa = XCBuildConfiguration;
			buildSettings = {
				ALWAYS_SEARCH_USER_PATHS = NO;
				CLANG_ANALYZER_NONNULL = YES;
				CLANG_ANALYZER_NUMBER_OBJECT_CONVERSION = YES_AGGRESSIVE;
				CLANG_CXX_LANGUAGE_STANDARD = "gnu++17";
				CLANG_CXX_LIBRARY = "libc++";
				CLANG_ENABLE_MODULES = YES;
				CLANG_ENABLE_OBJC_ARC = YES;
				CLANG_ENABLE_OBJC_WEAK = YES;
				CLANG_WARN_BLOCK_CAPTURE_AUTORELEASING = YES;
				CLANG_WARN_BOOL_CONVERSION = YES;
				CLANG_WARN_COMMA = YES;
				CLANG_WARN_CONSTANT_CONVERSION = YES;
				CLANG_WARN_DEPRECATED_OBJC_IMPLEMENTATIONS = YES;
				CLANG_WARN_DIRECT_OBJC_ISA_USAGE = YES_ERROR;
				CLANG_WARN_DOCUMENTATION_COMMENTS = YES;
				CLANG_WARN_EMPTY_BODY = YES;
				CLANG_WARN_ENUM_CONVERSION = YES;
				CLANG_WARN_INFINITE_RECURSION = YES;
				CLANG_WARN_INT_CONVERSION = YES;
				CLANG_WARN_NON_LITERAL_NULL_CONVERSION = YES;
				CLANG_WARN_OBJC_IMPLICIT_RETAIN_SELF = YES;
				CLANG_WARN_OBJC_LITERAL_CONVERSION = YES;
				CLANG_WARN_OBJC_ROOT_CLASS = YES_ERROR;
				CLANG_WARN_QUOTED_INCLUDE_IN_FRAMEWORK_HEADER = YES;
				CLANG_WARN_RANGE_LOOP_ANALYSIS = YES;
				CLANG_WARN_STRICT_PROTOTYPES = YES;
				CLANG_WARN_SUSPICIOUS_MOVE = YES;
				CLANG_WARN_UNGUARDED_AVAILABILITY = YES_AGGRESSIVE;
				CLANG_WARN_UNREACHABLE_CODE = YES;
				CLANG_WARN__DUPLICATE_METHOD_MATCH = YES;
				COPY_PHASE_STRIP = NO;
				DEBUG_INFORMATION_FORMAT = dwarf;
				ENABLE_STRICT_OBJC_MSGSEND = YES;
				ENABLE_TESTABILITY = YES;
				GCC_C_LANGUAGE_STANDARD = gnu11;
				GCC_DYNAMIC_NO_PIC = NO;
				GCC_NO_COMMON_BLOCKS = YES;
				GCC_OPTIMIZATION_LEVEL = 0;
				GCC_PREPROCESSOR_DEFINITIONS = (
					"DEBUG=1",
					"$(inherited)",
				);
				GCC_WARN_64_TO_32_BIT_CONVERSION = YES;
				GCC_WARN_ABOUT_RETURN_TYPE = YES_ERROR;
				GCC_WARN_UNDECLARED_SELECTOR = YES;
				GCC_WARN_UNINITIALIZED_AUTOS = YES_AGGRESSIVE;
				GCC_WARN_UNUSED_FUNCTION = YES;
				GCC_WARN_UNUSED_VARIABLE = YES;
				IPHONEOS_DEPLOYMENT_TARGET = 15.2;
				MTL_ENABLE_DEBUG_INFO = INCLUDE_SOURCE;
				MTL_FAST_MATH = YES;
				ONLY_ACTIVE_ARCH = YES;
				SDKROOT = iphoneos;
				SWIFT_ACTIVE_COMPILATION_CONDITIONS = DEBUG;
				SWIFT_OPTIMIZATION_LEVEL = "-Onone";
			};
			name = Debug;
		};
		DE3D2F0D28115BFC009F5EE4 /* Release */ = {
			isa = XCBuildConfiguration;
			buildSettings = {
				ALWAYS_SEARCH_USER_PATHS = NO;
				CLANG_ANALYZER_NONNULL = YES;
				CLANG_ANALYZER_NUMBER_OBJECT_CONVERSION = YES_AGGRESSIVE;
				CLANG_CXX_LANGUAGE_STANDARD = "gnu++17";
				CLANG_CXX_LIBRARY = "libc++";
				CLANG_ENABLE_MODULES = YES;
				CLANG_ENABLE_OBJC_ARC = YES;
				CLANG_ENABLE_OBJC_WEAK = YES;
				CLANG_WARN_BLOCK_CAPTURE_AUTORELEASING = YES;
				CLANG_WARN_BOOL_CONVERSION = YES;
				CLANG_WARN_COMMA = YES;
				CLANG_WARN_CONSTANT_CONVERSION = YES;
				CLANG_WARN_DEPRECATED_OBJC_IMPLEMENTATIONS = YES;
				CLANG_WARN_DIRECT_OBJC_ISA_USAGE = YES_ERROR;
				CLANG_WARN_DOCUMENTATION_COMMENTS = YES;
				CLANG_WARN_EMPTY_BODY = YES;
				CLANG_WARN_ENUM_CONVERSION = YES;
				CLANG_WARN_INFINITE_RECURSION = YES;
				CLANG_WARN_INT_CONVERSION = YES;
				CLANG_WARN_NON_LITERAL_NULL_CONVERSION = YES;
				CLANG_WARN_OBJC_IMPLICIT_RETAIN_SELF = YES;
				CLANG_WARN_OBJC_LITERAL_CONVERSION = YES;
				CLANG_WARN_OBJC_ROOT_CLASS = YES_ERROR;
				CLANG_WARN_QUOTED_INCLUDE_IN_FRAMEWORK_HEADER = YES;
				CLANG_WARN_RANGE_LOOP_ANALYSIS = YES;
				CLANG_WARN_STRICT_PROTOTYPES = YES;
				CLANG_WARN_SUSPICIOUS_MOVE = YES;
				CLANG_WARN_UNGUARDED_AVAILABILITY = YES_AGGRESSIVE;
				CLANG_WARN_UNREACHABLE_CODE = YES;
				CLANG_WARN__DUPLICATE_METHOD_MATCH = YES;
				COPY_PHASE_STRIP = NO;
				DEBUG_INFORMATION_FORMAT = "dwarf-with-dsym";
				ENABLE_NS_ASSERTIONS = NO;
				ENABLE_STRICT_OBJC_MSGSEND = YES;
				GCC_C_LANGUAGE_STANDARD = gnu11;
				GCC_NO_COMMON_BLOCKS = YES;
				GCC_WARN_64_TO_32_BIT_CONVERSION = YES;
				GCC_WARN_ABOUT_RETURN_TYPE = YES_ERROR;
				GCC_WARN_UNDECLARED_SELECTOR = YES;
				GCC_WARN_UNINITIALIZED_AUTOS = YES_AGGRESSIVE;
				GCC_WARN_UNUSED_FUNCTION = YES;
				GCC_WARN_UNUSED_VARIABLE = YES;
				IPHONEOS_DEPLOYMENT_TARGET = 15.2;
				MTL_ENABLE_DEBUG_INFO = NO;
				MTL_FAST_MATH = YES;
				SDKROOT = iphoneos;
				SWIFT_COMPILATION_MODE = wholemodule;
				SWIFT_OPTIMIZATION_LEVEL = "-O";
				VALIDATE_PRODUCT = YES;
			};
			name = Release;
		};
		DE3D2F0F28115BFC009F5EE4 /* Debug */ = {
			isa = XCBuildConfiguration;
			buildSettings = {
				ASSETCATALOG_COMPILER_APPICON_NAME = AppIcon;
				ASSETCATALOG_COMPILER_GLOBAL_ACCENT_COLOR_NAME = AccentColor;
				CODE_SIGN_STYLE = Automatic;
				CURRENT_PROJECT_VERSION = 1;
				DEVELOPMENT_TEAM = 7CRNJ953YN;
				GENERATE_INFOPLIST_FILE = YES;
				INFOPLIST_FILE = "Grade Keeper App Template-DESIGN/Info.plist";
				INFOPLIST_KEY_UIApplicationSupportsIndirectInputEvents = YES;
				INFOPLIST_KEY_UILaunchStoryboardName = LaunchScreen;
				INFOPLIST_KEY_UIMainStoryboardFile = Main;
				INFOPLIST_KEY_UISupportedInterfaceOrientations_iPad = "UIInterfaceOrientationPortrait UIInterfaceOrientationPortraitUpsideDown UIInterfaceOrientationLandscapeLeft UIInterfaceOrientationLandscapeRight";
				INFOPLIST_KEY_UISupportedInterfaceOrientations_iPhone = "UIInterfaceOrientationPortrait UIInterfaceOrientationLandscapeLeft UIInterfaceOrientationLandscapeRight";
				LD_RUNPATH_SEARCH_PATHS = (
					"$(inherited)",
					"@executable_path/Frameworks",
				);
				MARKETING_VERSION = 1.0;
				PRODUCT_BUNDLE_IDENTIFIER = "com.omerKilicaslan.Grade-Keeper-App-Template-DESIGN";
				PRODUCT_NAME = "$(TARGET_NAME)";
				SWIFT_EMIT_LOC_STRINGS = YES;
				SWIFT_VERSION = 5.0;
				TARGETED_DEVICE_FAMILY = "1,2";
			};
			name = Debug;
		};
		DE3D2F1028115BFC009F5EE4 /* Release */ = {
			isa = XCBuildConfiguration;
			buildSettings = {
				ASSETCATALOG_COMPILER_APPICON_NAME = AppIcon;
				ASSETCATALOG_COMPILER_GLOBAL_ACCENT_COLOR_NAME = AccentColor;
				CODE_SIGN_STYLE = Automatic;
				CURRENT_PROJECT_VERSION = 1;
				DEVELOPMENT_TEAM = 7CRNJ953YN;
				GENERATE_INFOPLIST_FILE = YES;
				INFOPLIST_FILE = "Grade Keeper App Template-DESIGN/Info.plist";
				INFOPLIST_KEY_UIApplicationSupportsIndirectInputEvents = YES;
				INFOPLIST_KEY_UILaunchStoryboardName = LaunchScreen;
				INFOPLIST_KEY_UIMainStoryboardFile = Main;
				INFOPLIST_KEY_UISupportedInterfaceOrientations_iPad = "UIInterfaceOrientationPortrait UIInterfaceOrientationPortraitUpsideDown UIInterfaceOrientationLandscapeLeft UIInterfaceOrientationLandscapeRight";
				INFOPLIST_KEY_UISupportedInterfaceOrientations_iPhone = "UIInterfaceOrientationPortrait UIInterfaceOrientationLandscapeLeft UIInterfaceOrientationLandscapeRight";
				LD_RUNPATH_SEARCH_PATHS = (
					"$(inherited)",
					"@executable_path/Frameworks",
				);
				MARKETING_VERSION = 1.0;
				PRODUCT_BUNDLE_IDENTIFIER = "com.omerKilicaslan.Grade-Keeper-App-Template-DESIGN";
				PRODUCT_NAME = "$(TARGET_NAME)";
				SWIFT_EMIT_LOC_STRINGS = YES;
				SWIFT_VERSION = 5.0;
				TARGETED_DEVICE_FAMILY = "1,2";
			};
			name = Release;
		};
		DE3D2F1228115BFC009F5EE4 /* Debug */ = {
			isa = XCBuildConfiguration;
			buildSettings = {
				ALWAYS_EMBED_SWIFT_STANDARD_LIBRARIES = YES;
				BUNDLE_LOADER = "$(TEST_HOST)";
				CODE_SIGN_STYLE = Automatic;
				CURRENT_PROJECT_VERSION = 1;
				DEVELOPMENT_TEAM = 7CRNJ953YN;
				GENERATE_INFOPLIST_FILE = YES;
				IPHONEOS_DEPLOYMENT_TARGET = 15.2;
				MARKETING_VERSION = 1.0;
				PRODUCT_BUNDLE_IDENTIFIER = "com.omerKilicaslan.Grade-Keeper-App-Template-DESIGNTests";
				PRODUCT_NAME = "$(TARGET_NAME)";
				SWIFT_EMIT_LOC_STRINGS = NO;
				SWIFT_VERSION = 5.0;
				TARGETED_DEVICE_FAMILY = "1,2";
				TEST_HOST = "$(BUILT_PRODUCTS_DIR)/Grade Keeper App Template-DESIGN.app/Grade Keeper App Template-DESIGN";
			};
			name = Debug;
		};
		DE3D2F1328115BFC009F5EE4 /* Release */ = {
			isa = XCBuildConfiguration;
			buildSettings = {
				ALWAYS_EMBED_SWIFT_STANDARD_LIBRARIES = YES;
				BUNDLE_LOADER = "$(TEST_HOST)";
				CODE_SIGN_STYLE = Automatic;
				CURRENT_PROJECT_VERSION = 1;
				DEVELOPMENT_TEAM = 7CRNJ953YN;
				GENERATE_INFOPLIST_FILE = YES;
				IPHONEOS_DEPLOYMENT_TARGET = 15.2;
				MARKETING_VERSION = 1.0;
				PRODUCT_BUNDLE_IDENTIFIER = "com.omerKilicaslan.Grade-Keeper-App-Template-DESIGNTests";
				PRODUCT_NAME = "$(TARGET_NAME)";
				SWIFT_EMIT_LOC_STRINGS = NO;
				SWIFT_VERSION = 5.0;
				TARGETED_DEVICE_FAMILY = "1,2";
				TEST_HOST = "$(BUILT_PRODUCTS_DIR)/Grade Keeper App Template-DESIGN.app/Grade Keeper App Template-DESIGN";
			};
			name = Release;
		};
		DE3D2F1528115BFC009F5EE4 /* Debug */ = {
			isa = XCBuildConfiguration;
			buildSettings = {
				ALWAYS_EMBED_SWIFT_STANDARD_LIBRARIES = YES;
				CODE_SIGN_STYLE = Automatic;
				CURRENT_PROJECT_VERSION = 1;
				DEVELOPMENT_TEAM = 7CRNJ953YN;
				GENERATE_INFOPLIST_FILE = YES;
				MARKETING_VERSION = 1.0;
				PRODUCT_BUNDLE_IDENTIFIER = "com.omerKilicaslan.Grade-Keeper-App-Template-DESIGNUITests";
				PRODUCT_NAME = "$(TARGET_NAME)";
				SWIFT_EMIT_LOC_STRINGS = NO;
				SWIFT_VERSION = 5.0;
				TARGETED_DEVICE_FAMILY = "1,2";
				TEST_TARGET_NAME = "Grade Keeper App Template-DESIGN";
			};
			name = Debug;
		};
		DE3D2F1628115BFC009F5EE4 /* Release */ = {
			isa = XCBuildConfiguration;
			buildSettings = {
				ALWAYS_EMBED_SWIFT_STANDARD_LIBRARIES = YES;
				CODE_SIGN_STYLE = Automatic;
				CURRENT_PROJECT_VERSION = 1;
				DEVELOPMENT_TEAM = 7CRNJ953YN;
				GENERATE_INFOPLIST_FILE = YES;
				MARKETING_VERSION = 1.0;
				PRODUCT_BUNDLE_IDENTIFIER = "com.omerKilicaslan.Grade-Keeper-App-Template-DESIGNUITests";
				PRODUCT_NAME = "$(TARGET_NAME)";
				SWIFT_EMIT_LOC_STRINGS = NO;
				SWIFT_VERSION = 5.0;
				TARGETED_DEVICE_FAMILY = "1,2";
				TEST_TARGET_NAME = "Grade Keeper App Template-DESIGN";
			};
			name = Release;
		};
/* End XCBuildConfiguration section */

/* Begin XCConfigurationList section */
		DE3D2EDF28115BF9009F5EE4 /* Build configuration list for PBXProject "Grade Keeper App Template-DESIGN" */ = {
			isa = XCConfigurationList;
			buildConfigurations = (
				DE3D2F0C28115BFC009F5EE4 /* Debug */,
				DE3D2F0D28115BFC009F5EE4 /* Release */,
			);
			defaultConfigurationIsVisible = 0;
			defaultConfigurationName = Release;
		};
		DE3D2F0E28115BFC009F5EE4 /* Build configuration list for PBXNativeTarget "Grade Keeper App Template-DESIGN" */ = {
			isa = XCConfigurationList;
			buildConfigurations = (
				DE3D2F0F28115BFC009F5EE4 /* Debug */,
				DE3D2F1028115BFC009F5EE4 /* Release */,
			);
			defaultConfigurationIsVisible = 0;
			defaultConfigurationName = Release;
		};
		DE3D2F1128115BFC009F5EE4 /* Build configuration list for PBXNativeTarget "Grade Keeper App Template-DESIGNTests" */ = {
			isa = XCConfigurationList;
			buildConfigurations = (
				DE3D2F1228115BFC009F5EE4 /* Debug */,
				DE3D2F1328115BFC009F5EE4 /* Release */,
			);
			defaultConfigurationIsVisible = 0;
			defaultConfigurationName = Release;
		};
		DE3D2F1428115BFC009F5EE4 /* Build configuration list for PBXNativeTarget "Grade Keeper App Template-DESIGNUITests" */ = {
			isa = XCConfigurationList;
			buildConfigurations = (
				DE3D2F1528115BFC009F5EE4 /* Debug */,
				DE3D2F1628115BFC009F5EE4 /* Release */,
			);
			defaultConfigurationIsVisible = 0;
			defaultConfigurationName = Release;
		};
/* End XCConfigurationList section */
	};
	rootObject = DE3D2EDC28115BF9009F5EE4 /* Project object */;
}
